// !$*UTF8*$!
{
	archiveVersion = 1;
	classes = {
	};
	objectVersion = 56;
	objects = {

/* Begin PBXBuildFile section */
		3F088B6429E64FFA00E3F7E4 /* AppDelegate.swift in Sources */ = {isa = PBXBuildFile; fileRef = 3F088B6329E64FFA00E3F7E4 /* AppDelegate.swift */; };
		3F088B6629E64FFA00E3F7E4 /* SceneDelegate.swift in Sources */ = {isa = PBXBuildFile; fileRef = 3F088B6529E64FFA00E3F7E4 /* SceneDelegate.swift */; };
		3F088B6B29E64FFA00E3F7E4 /* Main.storyboard in Resources */ = {isa = PBXBuildFile; fileRef = 3F088B6929E64FFA00E3F7E4 /* Main.storyboard */; };
		3F088B6D29E64FFD00E3F7E4 /* Assets.xcassets in Resources */ = {isa = PBXBuildFile; fileRef = 3F088B6C29E64FFD00E3F7E4 /* Assets.xcassets */; };
		3F088B7029E64FFD00E3F7E4 /* LaunchScreen.storyboard in Resources */ = {isa = PBXBuildFile; fileRef = 3F088B6E29E64FFD00E3F7E4 /* LaunchScreen.storyboard */; };
		3F5FB85429E9013C00390524 /* PokemonAPI in Frameworks */ = {isa = PBXBuildFile; productRef = 3F5FB85329E9013C00390524 /* PokemonAPI */; };
		3F5FB85629E9036800390524 /* TableViewController.swift in Sources */ = {isa = PBXBuildFile; fileRef = 3F5FB85529E9036800390524 /* TableViewController.swift */; };
		3FCA5D9A29EF953E00B9C605 /* PokemonDetailsViewController.swift in Sources */ = {isa = PBXBuildFile; fileRef = 3FCA5D9929EF953E00B9C605 /* PokemonDetailsViewController.swift */; };
		3FCA5D9C29EF98EB00B9C605 /* PokemonDetailsViewController.storyboard in Resources */ = {isa = PBXBuildFile; fileRef = 3FCA5D9B29EF98EB00B9C605 /* PokemonDetailsViewController.storyboard */; };
/* End PBXBuildFile section */

/* Begin PBXFileReference section */
		3F088B6029E64FFA00E3F7E4 /* Project1_Lopez.app */ = {isa = PBXFileReference; explicitFileType = wrapper.application; includeInIndex = 0; path = Project1_Lopez.app; sourceTree = BUILT_PRODUCTS_DIR; };
		3F088B6329E64FFA00E3F7E4 /* AppDelegate.swift */ = {isa = PBXFileReference; lastKnownFileType = sourcecode.swift; path = AppDelegate.swift; sourceTree = "<group>"; };
		3F088B6529E64FFA00E3F7E4 /* SceneDelegate.swift */ = {isa = PBXFileReference; lastKnownFileType = sourcecode.swift; path = SceneDelegate.swift; sourceTree = "<group>"; };
		3F088B6A29E64FFA00E3F7E4 /* Base */ = {isa = PBXFileReference; lastKnownFileType = file.storyboard; name = Base; path = Base.lproj/Main.storyboard; sourceTree = "<group>"; };
		3F088B6C29E64FFD00E3F7E4 /* Assets.xcassets */ = {isa = PBXFileReference; lastKnownFileType = folder.assetcatalog; path = Assets.xcassets; sourceTree = "<group>"; };
		3F088B6F29E64FFD00E3F7E4 /* Base */ = {isa = PBXFileReference; lastKnownFileType = file.storyboard; name = Base; path = Base.lproj/LaunchScreen.storyboard; sourceTree = "<group>"; };
		3F088B7129E64FFD00E3F7E4 /* Info.plist */ = {isa = PBXFileReference; lastKnownFileType = text.plist.xml; path = Info.plist; sourceTree = "<group>"; };
		3F5FB85529E9036800390524 /* TableViewController.swift */ = {isa = PBXFileReference; lastKnownFileType = sourcecode.swift; path = TableViewController.swift; sourceTree = "<group>"; };
		3FCA5D9929EF953E00B9C605 /* PokemonDetailsViewController.swift */ = {isa = PBXFileReference; lastKnownFileType = sourcecode.swift; path = PokemonDetailsViewController.swift; sourceTree = "<group>"; };
		3FCA5D9B29EF98EB00B9C605 /* PokemonDetailsViewController.storyboard */ = {isa = PBXFileReference; lastKnownFileType = file.storyboard; path = PokemonDetailsViewController.storyboard; sourceTree = "<group>"; };
/* End PBXFileReference section */

/* Begin PBXFrameworksBuildPhase section */
		3F088B5D29E64FFA00E3F7E4 /* Frameworks */ = {
			isa = PBXFrameworksBuildPhase;
			buildActionMask = 2147483647;
			files = (
				3F5FB85429E9013C00390524 /* PokemonAPI in Frameworks */,
			);
			runOnlyForDeploymentPostprocessing = 0;
		};
/* End PBXFrameworksBuildPhase section */

/* Begin PBXGroup section */
		3F088B5729E64FFA00E3F7E4 = {
			isa = PBXGroup;
			children = (
				3F088B6229E64FFA00E3F7E4 /* Project1_Lopez */,
				3F088B6129E64FFA00E3F7E4 /* Products */,
			);
			sourceTree = "<group>";
		};
		3F088B6129E64FFA00E3F7E4 /* Products */ = {
			isa = PBXGroup;
			children = (
				3F088B6029E64FFA00E3F7E4 /* Project1_Lopez.app */,
			);
			name = Products;
			sourceTree = "<group>";
		};
		3F088B6229E64FFA00E3F7E4 /* Project1_Lopez */ = {
			isa = PBXGroup;
			children = (
				3F088B6329E64FFA00E3F7E4 /* AppDelegate.swift */,
				3F088B6529E64FFA00E3F7E4 /* SceneDelegate.swift */,
				3F088B6929E64FFA00E3F7E4 /* Main.storyboard */,
				3F088B6C29E64FFD00E3F7E4 /* Assets.xcassets */,
				3F088B6E29E64FFD00E3F7E4 /* LaunchScreen.storyboard */,
				3F088B7129E64FFD00E3F7E4 /* Info.plist */,
				3F5FB85529E9036800390524 /* TableViewController.swift */,
				3FCA5D9929EF953E00B9C605 /* PokemonDetailsViewController.swift */,
				3FCA5D9B29EF98EB00B9C605 /* PokemonDetailsViewController.storyboard */,
			);
			path = Project1_Lopez;
			sourceTree = "<group>";
		};
/* End PBXGroup section */

/* Begin PBXNativeTarget section */
		3F088B5F29E64FFA00E3F7E4 /* Project1_Lopez */ = {
			isa = PBXNativeTarget;
			buildConfigurationList = 3F088B7429E64FFD00E3F7E4 /* Build configuration list for PBXNativeTarget "Project1_Lopez" */;
			buildPhases = (
				3F088B5C29E64FFA00E3F7E4 /* Sources */,
				3F088B5D29E64FFA00E3F7E4 /* Frameworks */,
				3F088B5E29E64FFA00E3F7E4 /* Resources */,
			);
			buildRules = (
			);
			dependencies = (
			);
			name = Project1_Lopez;
			packageProductDependencies = (
				3F5FB85329E9013C00390524 /* PokemonAPI */,
			);
			productName = Project1_Lopez;
			productReference = 3F088B6029E64FFA00E3F7E4 /* Project1_Lopez.app */;
			productType = "com.apple.product-type.application";
		};
/* End PBXNativeTarget section */

/* Begin PBXProject section */
		3F088B5829E64FFA00E3F7E4 /* Project object */ = {
			isa = PBXProject;
			attributes = {
				BuildIndependentTargetsInParallel = 1;
				LastSwiftUpdateCheck = 1420;
				LastUpgradeCheck = 1420;
				TargetAttributes = {
					3F088B5F29E64FFA00E3F7E4 = {
						CreatedOnToolsVersion = 14.2;
					};
				};
			};
			buildConfigurationList = 3F088B5B29E64FFA00E3F7E4 /* Build configuration list for PBXProject "Project1_Lopez" */;
			compatibilityVersion = "Xcode 14.0";
			developmentRegion = en;
			hasScannedForEncodings = 0;
			knownRegions = (
				en,
				Base,
			);
			mainGroup = 3F088B5729E64FFA00E3F7E4;
			packageReferences = (
				3F5FB85229E9013C00390524 /* XCRemoteSwiftPackageReference "PokemonAPI" */,
			);
			productRefGroup = 3F088B6129E64FFA00E3F7E4 /* Products */;
			projectDirPath = "";
			projectRoot = "";
			targets = (
				3F088B5F29E64FFA00E3F7E4 /* Project1_Lopez */,
			);
		};
/* End PBXProject section */

/* Begin PBXResourcesBuildPhase section */
		3F088B5E29E64FFA00E3F7E4 /* Resources */ = {
			isa = PBXResourcesBuildPhase;
			buildActionMask = 2147483647;
			files = (
				3FCA5D9C29EF98EB00B9C605 /* PokemonDetailsViewController.storyboard in Resources */,
				3F088B7029E64FFD00E3F7E4 /* LaunchScreen.storyboard in Resources */,
				3F088B6D29E64FFD00E3F7E4 /* Assets.xcassets in Resources */,
				3F088B6B29E64FFA00E3F7E4 /* Main.storyboard in Resources */,
			);
			runOnlyForDeploymentPostprocessing = 0;
		};
/* End PBXResourcesBuildPhase section */

/* Begin PBXSourcesBuildPhase section */
		3F088B5C29E64FFA00E3F7E4 /* Sources */ = {
			isa = PBXSourcesBuildPhase;
			buildActionMask = 2147483647;
			files = (
				3F088B6429E64FFA00E3F7E4 /* AppDelegate.swift in Sources */,
				3F088B6629E64FFA00E3F7E4 /* SceneDelegate.swift in Sources */,
				3F5FB85629E9036800390524 /* TableViewController.swift in Sources */,
				3FCA5D9A29EF953E00B9C605 /* PokemonDetailsViewController.swift in Sources */,
			);
			runOnlyForDeploymentPostprocessing = 0;
		};
/* End PBXSourcesBuildPhase section */

/* Begin PBXVariantGroup section */
		3F088B6929E64FFA00E3F7E4 /* Main.storyboard */ = {
			isa = PBXVariantGroup;
			children = (
				3F088B6A29E64FFA00E3F7E4 /* Base */,
			);
			name = Main.storyboard;
			sourceTree = "<group>";
		};
		3F088B6E29E64FFD00E3F7E4 /* LaunchScreen.storyboard */ = {
			isa = PBXVariantGroup;
			children = (
				3F088B6F29E64FFD00E3F7E4 /* Base */,
			);
			name = LaunchScreen.storyboard;
			sourceTree = "<group>";
		};
/* End PBXVariantGroup section */

/* Begin XCBuildConfiguration section */
		3F088B7229E64FFD00E3F7E4 /* Debug */ = {
			isa = XCBuildConfiguration;
			buildSettings = {
				ALWAYS_SEARCH_USER_PATHS = NO;
				CLANG_ANALYZER_NONNULL = YES;
				CLANG_ANALYZER_NUMBER_OBJECT_CONVERSION = YES_AGGRESSIVE;
				CLANG_CXX_LANGUAGE_STANDARD = "gnu++20";
				CLANG_ENABLE_MODULES = YES;
				CLANG_ENABLE_OBJC_ARC = YES;
				CLANG_ENABLE_OBJC_WEAK = YES;
				CLANG_WARN_BLOCK_CAPTURE_AUTORELEASING = YES;
				CLANG_WARN_BOOL_CONVERSION = YES;
				CLANG_WARN_COMMA = YES;
				CLANG_WARN_CONSTANT_CONVERSION = YES;
				CLANG_WARN_DEPRECATED_OBJC_IMPLEMENTATIONS = YES;
				CLANG_WARN_DIRECT_OBJC_ISA_USAGE = YES_ERROR;
				CLANG_WARN_DOCUMENTATION_COMMENTS = YES;
				CLANG_WARN_EMPTY_BODY = YES;
				CLANG_WARN_ENUM_CONVERSION = YES;
				CLANG_WARN_INFINITE_RECURSION = YES;
				CLANG_WARN_INT_CONVERSION = YES;
				CLANG_WARN_NON_LITERAL_NULL_CONVERSION = YES;
				CLANG_WARN_OBJC_IMPLICIT_RETAIN_SELF = YES;
				CLANG_WARN_OBJC_LITERAL_CONVERSION = YES;
				CLANG_WARN_OBJC_ROOT_CLASS = YES_ERROR;
				CLANG_WARN_QUOTED_INCLUDE_IN_FRAMEWORK_HEADER = YES;
				CLANG_WARN_RANGE_LOOP_ANALYSIS = YES;
				CLANG_WARN_STRICT_PROTOTYPES = YES;
				CLANG_WARN_SUSPICIOUS_MOVE = YES;
				CLANG_WARN_UNGUARDED_AVAILABILITY = YES_AGGRESSIVE;
				CLANG_WARN_UNREACHABLE_CODE = YES;
				CLANG_WARN__DUPLICATE_METHOD_MATCH = YES;
				COPY_PHASE_STRIP = NO;
				DEBUG_INFORMATION_FORMAT = dwarf;
				ENABLE_STRICT_OBJC_MSGSEND = YES;
				ENABLE_TESTABILITY = YES;
				GCC_C_LANGUAGE_STANDARD = gnu11;
				GCC_DYNAMIC_NO_PIC = NO;
				GCC_NO_COMMON_BLOCKS = YES;
				GCC_OPTIMIZATION_LEVEL = 0;
				GCC_PREPROCESSOR_DEFINITIONS = (
					"DEBUG=1",
					"$(inherited)",
				);
				GCC_WARN_64_TO_32_BIT_CONVERSION = YES;
				GCC_WARN_ABOUT_RETURN_TYPE = YES_ERROR;
				GCC_WARN_UNDECLARED_SELECTOR = YES;
				GCC_WARN_UNINITIALIZED_AUTOS = YES_AGGRESSIVE;
				GCC_WARN_UNUSED_FUNCTION = YES;
				GCC_WARN_UNUSED_VARIABLE = YES;
				IPHONEOS_DEPLOYMENT_TARGET = 16.2;
				MTL_ENABLE_DEBUG_INFO = INCLUDE_SOURCE;
				MTL_FAST_MATH = YES;
				ONLY_ACTIVE_ARCH = YES;
				SDKROOT = iphoneos;
				SWIFT_ACTIVE_COMPILATION_CONDITIONS = DEBUG;
				SWIFT_OPTIMIZATION_LEVEL = "-Onone";
			};
			name = Debug;
		};
		3F088B7329E64FFD00E3F7E4 /* Release */ = {
			isa = XCBuildConfiguration;
			buildSettings = {
				ALWAYS_SEARCH_USER_PATHS = NO;
				CLANG_ANALYZER_NONNULL = YES;
				CLANG_ANALYZER_NUMBER_OBJECT_CONVERSION = YES_AGGRESSIVE;
				CLANG_CXX_LANGUAGE_STANDARD = "gnu++20";
				CLANG_ENABLE_MODULES = YES;
				CLANG_ENABLE_OBJC_ARC = YES;
				CLANG_ENABLE_OBJC_WEAK = YES;
				CLANG_WARN_BLOCK_CAPTURE_AUTORELEASING = YES;
				CLANG_WARN_BOOL_CONVERSION = YES;
				CLANG_WARN_COMMA = YES;
				CLANG_WARN_CONSTANT_CONVERSION = YES;
				CLANG_WARN_DEPRECATED_OBJC_IMPLEMENTATIONS = YES;
				CLANG_WARN_DIRECT_OBJC_ISA_USAGE = YES_ERROR;
				CLANG_WARN_DOCUMENTATION_COMMENTS = YES;
				CLANG_WARN_EMPTY_BODY = YES;
				CLANG_WARN_ENUM_CONVERSION = YES;
				CLANG_WARN_INFINITE_RECURSION = YES;
				CLANG_WARN_INT_CONVERSION = YES;
				CLANG_WARN_NON_LITERAL_NULL_CONVERSION = YES;
				CLANG_WARN_OBJC_IMPLICIT_RETAIN_SELF = YES;
				CLANG_WARN_OBJC_LITERAL_CONVERSION = YES;
				CLANG_WARN_OBJC_ROOT_CLASS = YES_ERROR;
				CLANG_WARN_QUOTED_INCLUDE_IN_FRAMEWORK_HEADER = YES;
				CLANG_WARN_RANGE_LOOP_ANALYSIS = YES;
				CLANG_WARN_STRICT_PROTOTYPES = YES;
				CLANG_WARN_SUSPICIOUS_MOVE = YES;
				CLANG_WARN_UNGUARDED_AVAILABILITY = YES_AGGRESSIVE;
				CLANG_WARN_UNREACHABLE_CODE = YES;
				CLANG_WARN__DUPLICATE_METHOD_MATCH = YES;
				COPY_PHASE_STRIP = NO;
				DEBUG_INFORMATION_FORMAT = "dwarf-with-dsym";
				ENABLE_NS_ASSERTIONS = NO;
				ENABLE_STRICT_OBJC_MSGSEND = YES;
				GCC_C_LANGUAGE_STANDARD = gnu11;
				GCC_NO_COMMON_BLOCKS = YES;
				GCC_WARN_64_TO_32_BIT_CONVERSION = YES;
				GCC_WARN_ABOUT_RETURN_TYPE = YES_ERROR;
				GCC_WARN_UNDECLARED_SELECTOR = YES;
				GCC_WARN_UNINITIALIZED_AUTOS = YES_AGGRESSIVE;
				GCC_WARN_UNUSED_FUNCTION = YES;
				GCC_WARN_UNUSED_VARIABLE = YES;
				IPHONEOS_DEPLOYMENT_TARGET = 16.2;
				MTL_ENABLE_DEBUG_INFO = NO;
				MTL_FAST_MATH = YES;
				SDKROOT = iphoneos;
				SWIFT_COMPILATION_MODE = wholemodule;
				SWIFT_OPTIMIZATION_LEVEL = "-O";
				VALIDATE_PRODUCT = YES;
			};
			name = Release;
		};
		3F088B7529E64FFD00E3F7E4 /* Debug */ = {
			isa = XCBuildConfiguration;
			buildSettings = {
				ASSETCATALOG_COMPILER_APPICON_NAME = AppIcon;
				ASSETCATALOG_COMPILER_GLOBAL_ACCENT_COLOR_NAME = AccentColor;
				CODE_SIGN_STYLE = Automatic;
				CURRENT_PROJECT_VERSION = 1;
				GENERATE_INFOPLIST_FILE = YES;
				INFOPLIST_FILE = Project1_Lopez/Info.plist;
				INFOPLIST_KEY_UIApplicationSupportsIndirectInputEvents = YES;
				INFOPLIST_KEY_UILaunchStoryboardName = LaunchScreen;
				INFOPLIST_KEY_UIMainStoryboardFile = Main;
				INFOPLIST_KEY_UISupportedInterfaceOrientations_iPad = "UIInterfaceOrientationPortrait UIInterfaceOrientationPortraitUpsideDown UIInterfaceOrientationLandscapeLeft UIInterfaceOrientationLandscapeRight";
				INFOPLIST_KEY_UISupportedInterfaceOrientations_iPhone = "UIInterfaceOrientationPortrait UIInterfaceOrientationLandscapeLeft UIInterfaceOrientationLandscapeRight";
				LD_RUNPATH_SEARCH_PATHS = (
					"$(inherited)",
					"@executable_path/Frameworks",
				);
				MARKETING_VERSION = 1.0;
				PRODUCT_BUNDLE_IDENTIFIER = "demo.Project1-Lopez";
				PRODUCT_NAME = "$(TARGET_NAME)";
				SWIFT_EMIT_LOC_STRINGS = YES;
				SWIFT_VERSION = 5.0;
				TARGETED_DEVICE_FAMILY = "1,2";
			};
			name = Debug;
		};
		3F088B7629E64FFD00E3F7E4 /* Release */ = {
			isa = XCBuildConfiguration;
			buildSettings = {
				ASSETCATALOG_COMPILER_APPICON_NAME = AppIcon;
				ASSETCATALOG_COMPILER_GLOBAL_ACCENT_COLOR_NAME = AccentColor;
				CODE_SIGN_STYLE = Automatic;
				CURRENT_PROJECT_VERSION = 1;
				GENERATE_INFOPLIST_FILE = YES;
				INFOPLIST_FILE = Project1_Lopez/Info.plist;
				INFOPLIST_KEY_UIApplicationSupportsIndirectInputEvents = YES;
				INFOPLIST_KEY_UILaunchStoryboardName = LaunchScreen;
				INFOPLIST_KEY_UIMainStoryboardFile = Main;
				INFOPLIST_KEY_UISupportedInterfaceOrientations_iPad = "UIInterfaceOrientationPortrait UIInterfaceOrientationPortraitUpsideDown UIInterfaceOrientationLandscapeLeft UIInterfaceOrientationLandscapeRight";
				INFOPLIST_KEY_UISupportedInterfaceOrientations_iPhone = "UIInterfaceOrientationPortrait UIInterfaceOrientationLandscapeLeft UIInterfaceOrientationLandscapeRight";
				LD_RUNPATH_SEARCH_PATHS = (
					"$(inherited)",
					"@executable_path/Frameworks",
				);
				MARKETING_VERSION = 1.0;
				PRODUCT_BUNDLE_IDENTIFIER = "demo.Project1-Lopez";
				PRODUCT_NAME = "$(TARGET_NAME)";
				SWIFT_EMIT_LOC_STRINGS = YES;
				SWIFT_VERSION = 5.0;
				TARGETED_DEVICE_FAMILY = "1,2";
			};
			name = Release;
		};
/* End XCBuildConfiguration section */

/* Begin XCConfigurationList section */
		3F088B5B29E64FFA00E3F7E4 /* Build configuration list for PBXProject "Project1_Lopez" */ = {
			isa = XCConfigurationList;
			buildConfigurations = (
				3F088B7229E64FFD00E3F7E4 /* Debug */,
				3F088B7329E64FFD00E3F7E4 /* Release */,
			);
			defaultConfigurationIsVisible = 0;
			defaultConfigurationName = Release;
		};
		3F088B7429E64FFD00E3F7E4 /* Build configuration list for PBXNativeTarget "Project1_Lopez" */ = {
			isa = XCConfigurationList;
			buildConfigurations = (
				3F088B7529E64FFD00E3F7E4 /* Debug */,
				3F088B7629E64FFD00E3F7E4 /* Release */,
			);
			defaultConfigurationIsVisible = 0;
			defaultConfigurationName = Release;
		};
/* End XCConfigurationList section */

/* Begin XCRemoteSwiftPackageReference section */
		3F5FB85229E9013C00390524 /* XCRemoteSwiftPackageReference "PokemonAPI" */ = {
			isa = XCRemoteSwiftPackageReference;
			repositoryURL = "https://github.com/kinkofer/PokemonAPI";
			requirement = {
				branch = main;
				kind = branch;
			};
		};
/* End XCRemoteSwiftPackageReference section */

/* Begin XCSwiftPackageProductDependency section */
		3F5FB85329E9013C00390524 /* PokemonAPI */ = {
			isa = XCSwiftPackageProductDependency;
			package = 3F5FB85229E9013C00390524 /* XCRemoteSwiftPackageReference "PokemonAPI" */;
			productName = PokemonAPI;
		};
/* End XCSwiftPackageProductDependency section */
	};
	rootObject = 3F088B5829E64FFA00E3F7E4 /* Project object */;
}
